
Microsoft Visual Studio Solution File, Format Version 12.00
# Visual Studio Version 16
VisualStudioVersion = 16.0.31205.134
MinimumVisualStudioVersion = 10.0.40219.1
Project("{FAE04EC0-301F-11D3-BF4B-00C04F79EFBC}") = "WpfDataBinding", "WpfDataBinding\WpfDataBinding.csproj", "{98050418-AC6A-4C5F-BD55-0178C757C758}"
EndProject
Global
	GlobalSection(SolutionConfigurationPlatforms) = preSolution
		Debug|Any CPU = Debug|Any CPU
		Release|Any CPU = Release|Any CPU
	EndGlobalSection
	GlobalSection(ProjectConfigurationPlatforms) = postSolution
		{98050418-AC6A-4C5F-BD55-0178C757C758}.Debug|Any CPU.ActiveCfg = Debug|Any CPU
		{98050418-AC6A-4C5F-BD55-0178C757C758}.Debug|Any CPU.Build.0 = Debug|Any CPU
		{98050418-AC6A-4C5F-BD55-0178C757C758}.Release|Any CPU.ActiveCfg = Release|Any CPU
		{98050418-AC6A-4C5F-BD55-0178C757C758}.Release|Any CPU.Build.0 = Release|Any CPU
	EndGlobalSection
	GlobalSection(SolutionProperties) = preSolution
		HideSolutionNode = FALSE
	EndGlobalSection
	GlobalSection(ExtensibilityGlobals) = postSolution
		SolutionGuid = {817522E6-2D0C-4F3F-84E6-AA20B27F33B3}
	EndGlobalSection
EndGlobal
